
Microsoft Visual Studio Solution File, Format Version 12.00
# Visual Studio Version 16
VisualStudioVersion = 16.0.31729.503
MinimumVisualStudioVersion = 10.0.40219.1
Project("{FAE04EC0-301F-11D3-BF4B-00C04F79EFBC}") = "NPL.SMS", "NPL.SMS\NPL.SMS.csproj", "{CEABF4D8-E973-42B9-B4C5-BADAD4E76A2F}"
EndProject
Global
	GlobalSection(SolutionConfigurationPlatforms) = preSolution
		Debug|Any CPU = Debug|Any CPU
		Release|Any CPU = Release|Any CPU
	EndGlobalSection
	GlobalSection(ProjectConfigurationPlatforms) = postSolution
		{CEABF4D8-E973-42B9-B4C5-BADAD4E76A2F}.Debug|Any CPU.ActiveCfg = Debug|Any CPU
		{CEABF4D8-E973-42B9-B4C5-BADAD4E76A2F}.Debug|Any CPU.Build.0 = Debug|Any CPU
		{CEABF4D8-E973-42B9-B4C5-BADAD4E76A2F}.Release|Any CPU.ActiveCfg = Release|Any CPU
		{CEABF4D8-E973-42B9-B4C5-BADAD4E76A2F}.Release|Any CPU.Build.0 = Release|Any CPU
	EndGlobalSection
	GlobalSection(SolutionProperties) = preSolution
		HideSolutionNode = FALSE
	EndGlobalSection
	GlobalSection(ExtensibilityGlobals) = postSolution
		SolutionGuid = {FE32A496-0BE9-482D-A03A-D22E6172112C}
	EndGlobalSection
EndGlobal
